
Microsoft Visual Studio Solution File, Format Version 12.00
# Visual Studio 14
VisualStudioVersion = 14.0.24720.0
MinimumVisualStudioVersion = 10.0.40219.1
Project("{FAE04EC0-301F-11D3-BF4B-00C04F79EFBC}") = "GUI", "Calculator\GUI.csproj", "{F774D8E7-A6AC-42AF-84ED-7B428770EDF1}"
EndProject
Project("{FAE04EC0-301F-11D3-BF4B-00C04F79EFBC}") = "Core", "..\Core\Core\Core.csproj", "{7A225E87-2BC5-488F-83C3-0FD16B91CE3A}"
EndProject
Global
	GlobalSection(SolutionConfigurationPlatforms) = preSolution
		Debug|Any CPU = Debug|Any CPU
		Release|Any CPU = Release|Any CPU
	EndGlobalSection
	GlobalSection(ProjectConfigurationPlatforms) = postSolution
		{F774D8E7-A6AC-42AF-84ED-7B428770EDF1}.Debug|Any CPU.ActiveCfg = Debug|Any CPU
		{F774D8E7-A6AC-42AF-84ED-7B428770EDF1}.Debug|Any CPU.Build.0 = Debug|Any CPU
		{F774D8E7-A6AC-42AF-84ED-7B428770EDF1}.Release|Any CPU.ActiveCfg = Release|Any CPU
		{F774D8E7-A6AC-42AF-84ED-7B428770EDF1}.Release|Any CPU.Build.0 = Release|Any CPU
		{F774D8E7-A6AC-42AF-84ED-7B428770EDF1}.Release|Any CPU.Deploy.0 = Release|Any CPU
		{7A225E87-2BC5-488F-83C3-0FD16B91CE3A}.Debug|Any CPU.ActiveCfg = Debug|Any CPU
		{7A225E87-2BC5-488F-83C3-0FD16B91CE3A}.Debug|Any CPU.Build.0 = Debug|Any CPU
		{7A225E87-2BC5-488F-83C3-0FD16B91CE3A}.Release|Any CPU.ActiveCfg = Release|Any CPU
		{7A225E87-2BC5-488F-83C3-0FD16B91CE3A}.Release|Any CPU.Build.0 = Release|Any CPU
		{7A225E87-2BC5-488F-83C3-0FD16B91CE3A}.Release|Any CPU.Deploy.0 = Release|Any CPU
	EndGlobalSection
	GlobalSection(SolutionProperties) = preSolution
		HideSolutionNode = FALSE
	EndGlobalSection
EndGlobal
